
Microsoft Visual Studio Solution File, Format Version 12.00
# Visual Studio Version 17
VisualStudioVersion = 17.14.36127.28
MinimumVisualStudioVersion = 10.0.40219.1
Project("{8BC9CEB8-8B4A-11D0-8D11-00A0C91BC942}") = "Ch1 Game Algorithm", "Ch1 Game Algorithm\Ch1 Game Algorithm.vcxproj", "{1F8F79E6-893F-4083-9DC7-07F5755CCFB4}"
EndProject
Project("{8BC9CEB8-8B4A-11D0-8D11-00A0C91BC942}") = "Ch2 Basic Sorting", "Ch2 Basic Sorting\Ch2 Basic Sorting.vcxproj", "{D6141859-88CF-4EBC-92C3-4DC377A9AECF}"
EndProject
Project("{8BC9CEB8-8B4A-11D0-8D11-00A0C91BC942}") = "Ch3 Insert Quick Sort", "Ch3 Insert Quick Sort\Ch3 Insert Quick Sort.vcxproj", "{AF79ED00-3B47-4A83-9AF6-2E9B9FCF2E54}"
EndProject
Project("{8BC9CEB8-8B4A-11D0-8D11-00A0C91BC942}") = "Ch4 Merge Sort", "Ch4 Merge Sort\Ch4 Merge Sort.vcxproj", "{FE681E0A-E3D5-489D-8B0B-BE323B9C0B7A}"
EndProject
Project("{8BC9CEB8-8B4A-11D0-8D11-00A0C91BC942}") = "Ch5 Sort Search", "Ch5 Sort Search\Ch5 Sort Search.vcxproj", "{AC90A21B-E310-4EAD-ACBB-BA4CD26B96A9}"
EndProject
Project("{8BC9CEB8-8B4A-11D0-8D11-00A0C91BC942}") = "Ch6 Tree", "Ch6 Tree\Ch6 Tree.vcxproj", "{1A9E582E-A788-4748-8D4E-39DF7FAD91B5}"
EndProject
Project("{8BC9CEB8-8B4A-11D0-8D11-00A0C91BC942}") = "Ch7 KthFind", "Ch7 KthFind\Ch7 KthFind.vcxproj", "{CC63A4EC-67ED-484E-A061-75B14C234713}"
EndProject
Project("{8BC9CEB8-8B4A-11D0-8D11-00A0C91BC942}") = "Ch8 Heap", "Ch8 Heap\Ch8 Heap.vcxproj", "{A617AFD4-081A-49F9-ADB9-09DBF09F721F}"
EndProject
Project("{8BC9CEB8-8B4A-11D0-8D11-00A0C91BC942}") = "Ch9 Threat System", "Ch9 Threat System\Ch9 Threat System.vcxproj", "{47E39E08-160D-4AAA-9473-E6F219BC8A28}"
EndProject
Project("{8BC9CEB8-8B4A-11D0-8D11-00A0C91BC942}") = "Ch10 Graph", "Ch10 Graph\Ch10 Graph.vcxproj", "{F1A62AA0-3E8E-49E8-A1DE-8A0469AACE23}"
EndProject
Project("{8BC9CEB8-8B4A-11D0-8D11-00A0C91BC942}") = "Ch11 Graph Traverse", "Ch11 Graph Traverse\Ch11 Graph Traverse.vcxproj", "{99AE4511-160D-4D65-AAB2-D20C561A967E}"
EndProject
Global
	GlobalSection(SolutionConfigurationPlatforms) = preSolution
		Debug|x64 = Debug|x64
		Debug|x86 = Debug|x86
		Release|x64 = Release|x64
		Release|x86 = Release|x86
	EndGlobalSection
	GlobalSection(ProjectConfigurationPlatforms) = postSolution
		{1F8F79E6-893F-4083-9DC7-07F5755CCFB4}.Debug|x64.ActiveCfg = Debug|x64
		{1F8F79E6-893F-4083-9DC7-07F5755CCFB4}.Debug|x64.Build.0 = Debug|x64
		{1F8F79E6-893F-4083-9DC7-07F5755CCFB4}.Debug|x86.ActiveCfg = Debug|Win32
		{1F8F79E6-893F-4083-9DC7-07F5755CCFB4}.Debug|x86.Build.0 = Debug|Win32
		{1F8F79E6-893F-4083-9DC7-07F5755CCFB4}.Release|x64.ActiveCfg = Release|x64
		{1F8F79E6-893F-4083-9DC7-07F5755CCFB4}.Release|x64.Build.0 = Release|x64
		{1F8F79E6-893F-4083-9DC7-07F5755CCFB4}.Release|x86.ActiveCfg = Release|Win32
		{1F8F79E6-893F-4083-9DC7-07F5755CCFB4}.Release|x86.Build.0 = Release|Win32
		{D6141859-88CF-4EBC-92C3-4DC377A9AECF}.Debug|x64.ActiveCfg = Debug|x64
		{D6141859-88CF-4EBC-92C3-4DC377A9AECF}.Debug|x64.Build.0 = Debug|x64
		{D6141859-88CF-4EBC-92C3-4DC377A9AECF}.Debug|x86.ActiveCfg = Debug|Win32
		{D6141859-88CF-4EBC-92C3-4DC377A9AECF}.Debug|x86.Build.0 = Debug|Win32
		{D6141859-88CF-4EBC-92C3-4DC377A9AECF}.Release|x64.ActiveCfg = Release|x64
		{D6141859-88CF-4EBC-92C3-4DC377A9AECF}.Release|x64.Build.0 = Release|x64
		{D6141859-88CF-4EBC-92C3-4DC377A9AECF}.Release|x86.ActiveCfg = Release|Win32
		{D6141859-88CF-4EBC-92C3-4DC377A9AECF}.Release|x86.Build.0 = Release|Win32
		{AF79ED00-3B47-4A83-9AF6-2E9B9FCF2E54}.Debug|x64.ActiveCfg = Debug|x64
		{AF79ED00-3B47-4A83-9AF6-2E9B9FCF2E54}.Debug|x64.Build.0 = Debug|x64
		{AF79ED00-3B47-4A83-9AF6-2E9B9FCF2E54}.Debug|x86.ActiveCfg = Debug|Win32
		{AF79ED00-3B47-4A83-9AF6-2E9B9FCF2E54}.Debug|x86.Build.0 = Debug|Win32
		{AF79ED00-3B47-4A83-9AF6-2E9B9FCF2E54}.Release|x64.ActiveCfg = Release|x64
		{AF79ED00-3B47-4A83-9AF6-2E9B9FCF2E54}.Release|x64.Build.0 = Release|x64
		{AF79ED00-3B47-4A83-9AF6-2E9B9FCF2E54}.Release|x86.ActiveCfg = Release|Win32
		{AF79ED00-3B47-4A83-9AF6-2E9B9FCF2E54}.Release|x86.Build.0 = Release|Win32
		{FE681E0A-E3D5-489D-8B0B-BE323B9C0B7A}.Debug|x64.ActiveCfg = Debug|x64
		{FE681E0A-E3D5-489D-8B0B-BE323B9C0B7A}.Debug|x64.Build.0 = Debug|x64
		{FE681E0A-E3D5-489D-8B0B-BE323B9C0B7A}.Debug|x86.ActiveCfg = Debug|Win32
		{FE681E0A-E3D5-489D-8B0B-BE323B9C0B7A}.Debug|x86.Build.0 = Debug|Win32
		{FE681E0A-E3D5-489D-8B0B-BE323B9C0B7A}.Release|x64.ActiveCfg = Release|x64
		{FE681E0A-E3D5-489D-8B0B-BE323B9C0B7A}.Release|x64.Build.0 = Release|x64
		{FE681E0A-E3D5-489D-8B0B-BE323B9C0B7A}.Release|x86.ActiveCfg = Release|Win32
		{FE681E0A-E3D5-489D-8B0B-BE323B9C0B7A}.Release|x86.Build.0 = Release|Win32
		{AC90A21B-E310-4EAD-ACBB-BA4CD26B96A9}.Debug|x64.ActiveCfg = Debug|x64
		{AC90A21B-E310-4EAD-ACBB-BA4CD26B96A9}.Debug|x64.Build.0 = Debug|x64
		{AC90A21B-E310-4EAD-ACBB-BA4CD26B96A9}.Debug|x86.ActiveCfg = Debug|Win32
		{AC90A21B-E310-4EAD-ACBB-BA4CD26B96A9}.Debug|x86.Build.0 = Debug|Win32
		{AC90A21B-E310-4EAD-ACBB-BA4CD26B96A9}.Release|x64.ActiveCfg = Release|x64
		{AC90A21B-E310-4EAD-ACBB-BA4CD26B96A9}.Release|x64.Build.0 = Release|x64
		{AC90A21B-E310-4EAD-ACBB-BA4CD26B96A9}.Release|x86.ActiveCfg = Release|Win32
		{AC90A21B-E310-4EAD-ACBB-BA4CD26B96A9}.Release|x86.Build.0 = Release|Win32
		{1A9E582E-A788-4748-8D4E-39DF7FAD91B5}.Debug|x64.ActiveCfg = Debug|x64
		{1A9E582E-A788-4748-8D4E-39DF7FAD91B5}.Debug|x64.Build.0 = Debug|x64
		{1A9E582E-A788-4748-8D4E-39DF7FAD91B5}.Debug|x86.ActiveCfg = Debug|Win32
		{1A9E582E-A788-4748-8D4E-39DF7FAD91B5}.Debug|x86.Build.0 = Debug|Win32
		{1A9E582E-A788-4748-8D4E-39DF7FAD91B5}.Release|x64.ActiveCfg = Release|x64
		{1A9E582E-A788-4748-8D4E-39DF7FAD91B5}.Release|x64.Build.0 = Release|x64
		{1A9E582E-A788-4748-8D4E-39DF7FAD91B5}.Release|x86.ActiveCfg = Release|Win32
		{1A9E582E-A788-4748-8D4E-39DF7FAD91B5}.Release|x86.Build.0 = Release|Win32
		{CC63A4EC-67ED-484E-A061-75B14C234713}.Debug|x64.ActiveCfg = Debug|x64
		{CC63A4EC-67ED-484E-A061-75B14C234713}.Debug|x64.Build.0 = Debug|x64
		{CC63A4EC-67ED-484E-A061-75B14C234713}.Debug|x86.ActiveCfg = Debug|Win32
		{CC63A4EC-67ED-484E-A061-75B14C234713}.Debug|x86.Build.0 = Debug|Win32
		{CC63A4EC-67ED-484E-A061-75B14C234713}.Release|x64.ActiveCfg = Release|x64
		{CC63A4EC-67ED-484E-A061-75B14C234713}.Release|x64.Build.0 = Release|x64
		{CC63A4EC-67ED-484E-A061-75B14C234713}.Release|x86.ActiveCfg = Release|Win32
		{CC63A4EC-67ED-484E-A061-75B14C234713}.Release|x86.Build.0 = Release|Win32
		{A617AFD4-081A-49F9-ADB9-09DBF09F721F}.Debug|x64.ActiveCfg = Debug|x64
		{A617AFD4-081A-49F9-ADB9-09DBF09F721F}.Debug|x64.Build.0 = Debug|x64
		{A617AFD4-081A-49F9-ADB9-09DBF09F721F}.Debug|x86.ActiveCfg = Debug|Win32
		{A617AFD4-081A-49F9-ADB9-09DBF09F721F}.Debug|x86.Build.0 = Debug|Win32
		{A617AFD4-081A-49F9-ADB9-09DBF09F721F}.Release|x64.ActiveCfg = Release|x64
		{A617AFD4-081A-49F9-ADB9-09DBF09F721F}.Release|x64.Build.0 = Release|x64
		{A617AFD4-081A-49F9-ADB9-09DBF09F721F}.Release|x86.ActiveCfg = Release|Win32
		{A617AFD4-081A-49F9-ADB9-09DBF09F721F}.Release|x86.Build.0 = Release|Win32
		{47E39E08-160D-4AAA-9473-E6F219BC8A28}.Debug|x64.ActiveCfg = Debug|x64
		{47E39E08-160D-4AAA-9473-E6F219BC8A28}.Debug|x64.Build.0 = Debug|x64
		{47E39E08-160D-4AAA-9473-E6F219BC8A28}.Debug|x86.ActiveCfg = Debug|Win32
		{47E39E08-160D-4AAA-9473-E6F219BC8A28}.Debug|x86.Build.0 = Debug|Win32
		{47E39E08-160D-4AAA-9473-E6F219BC8A28}.Release|x64.ActiveCfg = Release|x64
		{47E39E08-160D-4AAA-9473-E6F219BC8A28}.Release|x64.Build.0 = Release|x64
		{47E39E08-160D-4AAA-9473-E6F219BC8A28}.Release|x86.ActiveCfg = Release|Win32
		{47E39E08-160D-4AAA-9473-E6F219BC8A28}.Release|x86.Build.0 = Release|Win32
		{F1A62AA0-3E8E-49E8-A1DE-8A0469AACE23}.Debug|x64.ActiveCfg = Debug|x64
		{F1A62AA0-3E8E-49E8-A1DE-8A0469AACE23}.Debug|x64.Build.0 = Debug|x64
		{F1A62AA0-3E8E-49E8-A1DE-8A0469AACE23}.Debug|x86.ActiveCfg = Debug|Win32
		{F1A62AA0-3E8E-49E8-A1DE-8A0469AACE23}.Debug|x86.Build.0 = Debug|Win32
		{F1A62AA0-3E8E-49E8-A1DE-8A0469AACE23}.Release|x64.ActiveCfg = Release|x64
		{F1A62AA0-3E8E-49E8-A1DE-8A0469AACE23}.Release|x64.Build.0 = Release|x64
		{F1A62AA0-3E8E-49E8-A1DE-8A0469AACE23}.Release|x86.ActiveCfg = Release|Win32
		{F1A62AA0-3E8E-49E8-A1DE-8A0469AACE23}.Release|x86.Build.0 = Release|Win32
		{99AE4511-160D-4D65-AAB2-D20C561A967E}.Debug|x64.ActiveCfg = Debug|x64
		{99AE4511-160D-4D65-AAB2-D20C561A967E}.Debug|x64.Build.0 = Debug|x64
		{99AE4511-160D-4D65-AAB2-D20C561A967E}.Debug|x86.ActiveCfg = Debug|Win32
		{99AE4511-160D-4D65-AAB2-D20C561A967E}.Debug|x86.Build.0 = Debug|Win32
		{99AE4511-160D-4D65-AAB2-D20C561A967E}.Release|x64.ActiveCfg = Release|x64
		{99AE4511-160D-4D65-AAB2-D20C561A967E}.Release|x64.Build.0 = Release|x64
		{99AE4511-160D-4D65-AAB2-D20C561A967E}.Release|x86.ActiveCfg = Release|Win32
		{99AE4511-160D-4D65-AAB2-D20C561A967E}.Release|x86.Build.0 = Release|Win32
	EndGlobalSection
	GlobalSection(SolutionProperties) = preSolution
		HideSolutionNode = FALSE
	EndGlobalSection
	GlobalSection(ExtensibilityGlobals) = postSolution
		SolutionGuid = {92E8CCB8-ABEB-4778-B35E-62CA74AA1703}
	EndGlobalSection
EndGlobal
